
Microsoft Visual Studio Solution File, Format Version 12.00
# Visual Studio Version 16
VisualStudioVersion = 16.0.29926.136
MinimumVisualStudioVersion = 10.0.40219.1
Project("{FAE04EC0-301F-11D3-BF4B-00C04F79EFBC}") = "apbd_tut5", "apbd_tut5.csproj", "{A3952B95-904F-44B7-A81A-0D3BB2EC4684}"
EndProject
Global
	GlobalSection(SolutionConfigurationPlatforms) = preSolution
		Debug|Any CPU = Debug|Any CPU
		Release|Any CPU = Release|Any CPU
	EndGlobalSection
	GlobalSection(ProjectConfigurationPlatforms) = postSolution
		{A3952B95-904F-44B7-A81A-0D3BB2EC4684}.Debug|Any CPU.ActiveCfg = Debug|Any CPU
		{A3952B95-904F-44B7-A81A-0D3BB2EC4684}.Debug|Any CPU.Build.0 = Debug|Any CPU
		{A3952B95-904F-44B7-A81A-0D3BB2EC4684}.Release|Any CPU.ActiveCfg = Release|Any CPU
		{A3952B95-904F-44B7-A81A-0D3BB2EC4684}.Release|Any CPU.Build.0 = Release|Any CPU
	EndGlobalSection
	GlobalSection(SolutionProperties) = preSolution
		HideSolutionNode = FALSE
	EndGlobalSection
	GlobalSection(ExtensibilityGlobals) = postSolution
		SolutionGuid = {7FEC8719-1C3C-447E-972C-559C281B3D62}
	EndGlobalSection
EndGlobal
